<?xml version="1.0" encoding="utf-8"?>
<Project ToolsVersion="4.0" xmlns="http://schemas.microsoft.com/developer/msbuild/2003">
  <ItemGroup>
    <Filter Include="Source Files">
      <UniqueIdentifier>{4FC737F1-C7A5-4376-A066-2A32D752A2FF}</UniqueIdentifier>
      <Extensions>cpp;c;cc;cxx;def;odl;idl;hpj;bat;asm;asmx</Extensions>
    </Filter>
    <Filter Include="Header Files">
      <UniqueIdentifier>{93995380-89BD-4b04-88EB-625FBE52EBFB}</UniqueIdentifier>
      <Extensions>h;hh;hpp;hxx;hm;inl;inc;xsd</Extensions>
    </Filter>
    <Filter Include="Resource Files">
      <UniqueIdentifier>{67DA6AB6-F800-4c08-8B7A-83BB121AAD01}</UniqueIdentifier>
      <Extensions>rc;ico;cur;bmp;dlg;rc2;rct;bin;rgs;gif;jpg;jpeg;jpe;resx;tiff;tif;png;wav;mfcribbon-ms</Extensions>
    </Filter>
  </ItemGroup>
  <ItemGroup>
    <ClCompile Include="src\crf1d_feature.c">
      <Filter>Source Files</Filter>
    </ClCompile>
    <ClCompile Include="src\crf1d_model.c">
      <Filter>Source Files</Filter>
    </ClCompile>
    <ClCompile Include="src\crf1d_tag.c">
      <Filter>Source Files</Filter>
    </ClCompile>
    <ClCompile Include="src\crfsuite.c">
      <Filter>Source Files</Filter>
    </ClCompile>
    <ClCompile Include="src\crfsuite_train.c">
      <Filter>Source Files</Filter>
    </ClCompile>
    <ClCompile Include="src\dataset.c">
      <Filter>Source Files</Filter>
    </ClCompile>
    <ClCompile Include="src\dictionary.c">
      <Filter>Source Files</Filter>
    </ClCompile>
    <ClCompile Include="src\dump.c">
      <Filter>Source Files</Filter>
    </ClCompile>
    <ClCompile Include="src\holdout.c">
      <Filter>Source Files</Filter>
    </ClCompile>
    <ClCompile Include="src\iwa.c">
      <Filter>Source Files</Filter>
    </ClCompile>
    <ClCompile Include="src\learn.c">
      <Filter>Source Files</Filter>
    </ClCompile>
    <ClCompile Include="src\logging.c">
      <Filter>Source Files</Filter>
    </ClCompile>
    <ClCompile Include="src\lookup3.c">
      <Filter>Source Files</Filter>
    </ClCompile>
    <ClCompile Include="src\option.c">
      <Filter>Source Files</Filter>
    </ClCompile>
    <ClCompile Include="src\params.c">
      <Filter>Source Files</Filter>
    </ClCompile>
    <ClCompile Include="src\rumavl.c">
      <Filter>Source Files</Filter>
    </ClCompile>
    <ClCompile Include="src\tag.c">
      <Filter>Source Files</Filter>
    </ClCompile>
    <ClCompile Include="src\themain.c">
      <Filter>Source Files</Filter>
    </ClCompile>
    <ClCompile Include="src\train_arow.c">
      <Filter>Source Files</Filter>
    </ClCompile>
    <ClCompile Include="src\train_averaged_perceptron.c">
      <Filter>Source Files</Filter>
    </ClCompile>
    <ClCompile Include="src\train_l2sgd.c">
      <Filter>Source Files</Filter>
    </ClCompile>
    <ClCompile Include="src\train_lbfgs.c">
      <Filter>Source Files</Filter>
    </ClCompile>
    <ClCompile Include="src\train_passive_aggressive.c">
      <Filter>Source Files</Filter>
    </ClCompile>
    <ClCompile Include="src\atanorcrfsuite.cxx">
      <Filter>Source Files</Filter>
    </ClCompile>
    <ClCompile Include="src\cqdb.c">
      <Filter>Source Files</Filter>
    </ClCompile>
    <ClCompile Include="src\crf1d_context.c">
      <Filter>Source Files</Filter>
    </ClCompile>
    <ClCompile Include="src\crf1d_encode.c">
      <Filter>Source Files</Filter>
    </ClCompile>
    <ClCompile Include="src\lbfgs.c">
      <Filter>Source Files</Filter>
    </ClCompile>
    <ClCompile Include="src\quark.c">
      <Filter>Source Files</Filter>
    </ClCompile>
    <ClCompile Include="src\reader.c">
      <Filter>Source Files</Filter>
    </ClCompile>
  </ItemGroup>
  <ItemGroup>
    <ClInclude Include="include\lbfgs.h">
      <Filter>Header Files</Filter>
    </ClInclude>
    <ClInclude Include="include\logging.h">
      <Filter>Header Files</Filter>
    </ClInclude>
    <ClInclude Include="include\option.h">
      <Filter>Header Files</Filter>
    </ClInclude>
    <ClInclude Include="include\os.h">
      <Filter>Header Files</Filter>
    </ClInclude>
    <ClInclude Include="include\params.h">
      <Filter>Header Files</Filter>
    </ClInclude>
    <ClInclude Include="include\quark.h">
      <Filter>Header Files</Filter>
    </ClInclude>
    <ClInclude Include="include\readdata.h">
      <Filter>Header Files</Filter>
    </ClInclude>
    <ClInclude Include="include\rumavl.h">
      <Filter>Header Files</Filter>
    </ClInclude>
    <ClInclude Include="include\vecmath.h">
      <Filter>Header Files</Filter>
    </ClInclude>
    <ClInclude Include="include\arithmetic_ansi.h">
      <Filter>Header Files</Filter>
    </ClInclude>
    <ClInclude Include="include\arithmetic_sse_double.h">
      <Filter>Header Files</Filter>
    </ClInclude>
    <ClInclude Include="include\arithmetic_sse_float.h">
      <Filter>Header Files</Filter>
    </ClInclude>
    <ClInclude Include="include\atanorcrfsuite.h">
      <Filter>Header Files</Filter>
    </ClInclude>
    <ClInclude Include="include\cqdb.h">
      <Filter>Header Files</Filter>
    </ClInclude>
    <ClInclude Include="include\crf1d.h">
      <Filter>Header Files</Filter>
    </ClInclude>
    <ClInclude Include="include\crfsuite.h">
      <Filter>Header Files</Filter>
    </ClInclude>
    <ClInclude Include="include\crfsuite.hpp">
      <Filter>Header Files</Filter>
    </ClInclude>
    <ClInclude Include="include\crfsuite_api.hpp">
      <Filter>Header Files</Filter>
    </ClInclude>
    <ClInclude Include="include\crfsuite_internal.h">
      <Filter>Header Files</Filter>
    </ClInclude>
    <ClInclude Include="include\iwa.h">
      <Filter>Header Files</Filter>
    </ClInclude>
  </ItemGroup>
</Project>